{
  "nodes": {
    "drynomore": {
      "inputs": {
        "flake-utils": "flake-utils",
        "nixpkgs": [
          "nixpkgs_prepatch"
        ]
      },
      "locked": {
        "lastModified": 1707945337,
        "narHash": "sha256-+RZejgI8e2DxVqlA657cDnvBzSVo+l3JAcS3uQRxDKc=",
        "owner": "7FM",
        "repo": "DryNoMore",
        "rev": "73175106a57cd423851fb6035a75f4a6824f214a",
        "type": "github"
      },
      "original": {
        "owner": "7FM",
        "repo": "DryNoMore",
        "type": "github"
      }
    },
    "flake-parts": {
      "inputs": {
        "nixpkgs-lib": [
          "nur",
          "nixpkgs"
        ]
      },
      "locked": {
        "lastModified": 1733312601,
        "narHash": "sha256-4pDvzqnegAfRkPwO3wmwBhVi/Sye1mzps0zHWYnP88c=",
        "owner": "hercules-ci",
        "repo": "flake-parts",
        "rev": "205b12d8b7cd4802fbcb8e8ef6a0f1408781a4f9",
        "type": "github"
      },
      "original": {
        "owner": "hercules-ci",
        "repo": "flake-parts",
        "type": "github"
      }
    },
    "flake-utils": {
      "inputs": {
        "systems": "systems"
      },
      "locked": {
        "lastModified": 1705309234,
        "narHash": "sha256-uNRRNRKmJyCRC/8y1RqBkqWBLM034y4qN7EprSdmgyA=",
        "owner": "numtide",
        "repo": "flake-utils",
        "rev": "1ef2e671c3b0c19053962c07dbda38332dcebf26",
        "type": "github"
      },
      "original": {
        "owner": "numtide",
        "repo": "flake-utils",
        "type": "github"
      }
    },
    "home-manager": {
      "inputs": {
        "nixpkgs": [
          "nixpkgs_prepatch"
        ]
      },
      "locked": {
        "lastModified": 1745782215,
        "narHash": "sha256-mx27J2HYQT+nGXTyUWKrUuxRzpr1FVVr59ZH4oNzOyw=",
        "owner": "nix-community",
        "repo": "home-manager",
        "rev": "7b2aae3fb39928aecc5e41c10a9c87c4881614d5",
        "type": "github"
      },
      "original": {
        "owner": "nix-community",
        "repo": "home-manager",
        "type": "github"
      }
    },
    "nixos-hardware": {
      "locked": {
        "lastModified": 1745503349,
        "narHash": "sha256-bUGjvaPVsOfQeTz9/rLTNLDyqbzhl0CQtJJlhFPhIYw=",
        "owner": "NixOS",
        "repo": "nixos-hardware",
        "rev": "f7bee55a5e551bd8e7b5b82c9bc559bc50d868d1",
        "type": "github"
      },
      "original": {
        "owner": "NixOS",
        "ref": "master",
        "repo": "nixos-hardware",
        "type": "github"
      }
    },
    "nixpkgs_prepatch": {
      "locked": {
        "lastModified": 1745526057,
        "narHash": "sha256-ITSpPDwvLBZBnPRS2bUcHY3gZSwis/uTe255QgMtTLA=",
        "owner": "NixOS",
        "repo": "nixpkgs",
        "rev": "f771eb401a46846c1aebd20552521b233dd7e18b",
        "type": "github"
      },
      "original": {
        "id": "nixpkgs",
        "ref": "nixos-unstable",
        "type": "indirect"
      }
    },
    "nur": {
      "inputs": {
        "flake-parts": "flake-parts",
        "nixpkgs": [
          "nixpkgs_prepatch"
        ],
        "treefmt-nix": "treefmt-nix"
      },
      "locked": {
        "lastModified": 1745775979,
        "narHash": "sha256-FfgMqxmttKliXmmvOn+7g8LWz/progi6vf6YOUTOMJU=",
        "owner": "nix-community",
        "repo": "NUR",
        "rev": "7a0596bf37a07e556ec5e17a452753dd06d87ac8",
        "type": "github"
      },
      "original": {
        "owner": "nix-community",
        "repo": "NUR",
        "type": "github"
      }
    },
    "root": {
      "inputs": {
        "drynomore": "drynomore",
        "home-manager": "home-manager",
        "nixos-hardware": "nixos-hardware",
        "nixpkgs_prepatch": "nixpkgs_prepatch",
        "nur": "nur",
        "tmdbot": "tmdbot"
      }
    },
    "systems": {
      "locked": {
        "lastModified": 1681028828,
        "narHash": "sha256-Vy1rq5AaRuLzOxct8nz4T6wlgyUR7zLU309k9mBC768=",
        "owner": "nix-systems",
        "repo": "default",
        "rev": "da67096a3b9bf56a91d16901293e51ba5b49a27e",
        "type": "github"
      },
      "original": {
        "owner": "nix-systems",
        "repo": "default",
        "type": "github"
      }
    },
    "tmdbot": {
      "inputs": {
        "flake-utils": [
          "drynomore",
          "flake-utils"
        ],
        "nixpkgs": [
          "nixpkgs_prepatch"
        ]
      },
      "locked": {
        "lastModified": 1730654979,
        "narHash": "sha256-dECciaHl7yXtqJxQ9IZT0P1kIzw4q1IhrJqylmuM9/4=",
        "owner": "7FM",
        "repo": "TMDBot",
        "rev": "efeb3887acea57650ac2d1abe2e984e169333002",
        "type": "github"
      },
      "original": {
        "owner": "7FM",
        "repo": "TMDBot",
        "type": "github"
      }
    },
    "treefmt-nix": {
      "inputs": {
        "nixpkgs": [
          "nur",
          "nixpkgs"
        ]
      },
      "locked": {
        "lastModified": 1733222881,
        "narHash": "sha256-JIPcz1PrpXUCbaccEnrcUS8jjEb/1vJbZz5KkobyFdM=",
        "owner": "numtide",
        "repo": "treefmt-nix",
        "rev": "49717b5af6f80172275d47a418c9719a31a78b53",
        "type": "github"
      },
      "original": {
        "owner": "numtide",
        "repo": "treefmt-nix",
        "type": "github"
      }
    }
  },
  "root": "root",
  "version": 7
}
